
Microsoft Visual Studio Solution File, Format Version 12.00
# Visual Studio Version 16
VisualStudioVersion = 16.0.30104.148
MinimumVisualStudioVersion = 10.0.40219.1
Project("{FAE04EC0-301F-11D3-BF4B-00C04F79EFBC}") = "OrgStructure", "OrgStructure.csproj", "{BF12090E-F6D3-4F95-BE99-BC909F1EC175}"
EndProject
Global
	GlobalSection(SolutionConfigurationPlatforms) = preSolution
		Debug|Any CPU = Debug|Any CPU
		Release|Any CPU = Release|Any CPU
	EndGlobalSection
	GlobalSection(ProjectConfigurationPlatforms) = postSolution
		{BF12090E-F6D3-4F95-BE99-BC909F1EC175}.Debug|Any CPU.ActiveCfg = Debug|Any CPU
		{BF12090E-F6D3-4F95-BE99-BC909F1EC175}.Debug|Any CPU.Build.0 = Debug|Any CPU
		{BF12090E-F6D3-4F95-BE99-BC909F1EC175}.Release|Any CPU.ActiveCfg = Release|Any CPU
		{BF12090E-F6D3-4F95-BE99-BC909F1EC175}.Release|Any CPU.Build.0 = Release|Any CPU
	EndGlobalSection
	GlobalSection(SolutionProperties) = preSolution
		HideSolutionNode = FALSE
	EndGlobalSection
	GlobalSection(ExtensibilityGlobals) = postSolution
		SolutionGuid = {C54535B8-BF21-4C34-B23E-7654BA4C299F}
	EndGlobalSection
EndGlobal
